
Microsoft Visual Studio Solution File, Format Version 12.00
# Visual Studio Version 17
VisualStudioVersion = 17.4.33213.308
MinimumVisualStudioVersion = 10.0.40219.1
Project("{FAE04EC0-301F-11D3-BF4B-00C04F79EFBC}") = "QomekAppAuth", "QomekAppAuth\QomekAppAuth.csproj", "{128DAA22-53C3-4DA7-9C3D-861359BF1DE9}"
EndProject
Project("{FAE04EC0-301F-11D3-BF4B-00C04F79EFBC}") = "QomekAppBlog", "QomekAppBlog\QomekAppBlog.csproj", "{F02A5F46-8E4F-4F96-B59B-E491384A47EA}"
EndProject
Project("{FAE04EC0-301F-11D3-BF4B-00C04F79EFBC}") = "QomekAppWeather", "QomekAppWeather\QomekAppWeather.csproj", "{F2F54A6F-9913-4D88-888C-A0E934536541}"
EndProject
Global
	GlobalSection(SolutionConfigurationPlatforms) = preSolution
		Debug|Any CPU = Debug|Any CPU
		Release|Any CPU = Release|Any CPU
	EndGlobalSection
	GlobalSection(ProjectConfigurationPlatforms) = postSolution
		{128DAA22-53C3-4DA7-9C3D-861359BF1DE9}.Debug|Any CPU.ActiveCfg = Debug|Any CPU
		{128DAA22-53C3-4DA7-9C3D-861359BF1DE9}.Debug|Any CPU.Build.0 = Debug|Any CPU
		{128DAA22-53C3-4DA7-9C3D-861359BF1DE9}.Release|Any CPU.ActiveCfg = Release|Any CPU
		{128DAA22-53C3-4DA7-9C3D-861359BF1DE9}.Release|Any CPU.Build.0 = Release|Any CPU
		{F02A5F46-8E4F-4F96-B59B-E491384A47EA}.Debug|Any CPU.ActiveCfg = Debug|Any CPU
		{F02A5F46-8E4F-4F96-B59B-E491384A47EA}.Debug|Any CPU.Build.0 = Debug|Any CPU
		{F02A5F46-8E4F-4F96-B59B-E491384A47EA}.Release|Any CPU.ActiveCfg = Release|Any CPU
		{F02A5F46-8E4F-4F96-B59B-E491384A47EA}.Release|Any CPU.Build.0 = Release|Any CPU
		{F2F54A6F-9913-4D88-888C-A0E934536541}.Debug|Any CPU.ActiveCfg = Debug|Any CPU
		{F2F54A6F-9913-4D88-888C-A0E934536541}.Debug|Any CPU.Build.0 = Debug|Any CPU
		{F2F54A6F-9913-4D88-888C-A0E934536541}.Release|Any CPU.ActiveCfg = Release|Any CPU
		{F2F54A6F-9913-4D88-888C-A0E934536541}.Release|Any CPU.Build.0 = Release|Any CPU
	EndGlobalSection
	GlobalSection(SolutionProperties) = preSolution
		HideSolutionNode = FALSE
	EndGlobalSection
	GlobalSection(ExtensibilityGlobals) = postSolution
		SolutionGuid = {F95CB7D0-E0CF-43B1-B12A-A63CA541A666}
	EndGlobalSection
EndGlobal
